
Microsoft Visual Studio Solution File, Format Version 12.00
# Visual Studio Version 17
VisualStudioVersion = 17.7.34009.444
MinimumVisualStudioVersion = 10.0.40219.1
Project("{FAE04EC0-301F-11D3-BF4B-00C04F79EFBC}") = "Chat_App", "Chat_App\Chat_App.csproj", "{9CABFA61-DD70-4488-8257-D6B6074D3078}"
EndProject
Project("{FAE04EC0-301F-11D3-BF4B-00C04F79EFBC}") = "CRUD_ADO", "CRUD_ADO\CRUD_ADO.csproj", "{0AB445E6-E602-4B65-A456-FC366895C222}"
EndProject
Global
	GlobalSection(SolutionConfigurationPlatforms) = preSolution
		Debug|Any CPU = Debug|Any CPU
		Release|Any CPU = Release|Any CPU
	EndGlobalSection
	GlobalSection(ProjectConfigurationPlatforms) = postSolution
		{9CABFA61-DD70-4488-8257-D6B6074D3078}.Debug|Any CPU.ActiveCfg = Debug|Any CPU
		{9CABFA61-DD70-4488-8257-D6B6074D3078}.Debug|Any CPU.Build.0 = Debug|Any CPU
		{9CABFA61-DD70-4488-8257-D6B6074D3078}.Release|Any CPU.ActiveCfg = Release|Any CPU
		{9CABFA61-DD70-4488-8257-D6B6074D3078}.Release|Any CPU.Build.0 = Release|Any CPU
		{0AB445E6-E602-4B65-A456-FC366895C222}.Debug|Any CPU.ActiveCfg = Debug|Any CPU
		{0AB445E6-E602-4B65-A456-FC366895C222}.Debug|Any CPU.Build.0 = Debug|Any CPU
		{0AB445E6-E602-4B65-A456-FC366895C222}.Release|Any CPU.ActiveCfg = Release|Any CPU
		{0AB445E6-E602-4B65-A456-FC366895C222}.Release|Any CPU.Build.0 = Release|Any CPU
	EndGlobalSection
	GlobalSection(SolutionProperties) = preSolution
		HideSolutionNode = FALSE
	EndGlobalSection
	GlobalSection(ExtensibilityGlobals) = postSolution
		SolutionGuid = {4D3803FB-36A1-486E-BB08-7DCFBD3FB092}
	EndGlobalSection
EndGlobal
